
Microsoft Visual Studio Solution File, Format Version 12.00
# Visual Studio Version 17
VisualStudioVersion = 17.6.33723.286
MinimumVisualStudioVersion = 10.0.40219.1
Project("{FAE04EC0-301F-11D3-BF4B-00C04F79EFBC}") = "PersonRegistering", "PersonRegistering\PersonRegistering.csproj", "{0CFA5C0C-B808-4639-9FCE-488AE39C6AB2}"
EndProject
Project("{FAE04EC0-301F-11D3-BF4B-00C04F79EFBC}") = "PersonRegistrationAPI", "PersonRegistrationAPI\PersonRegistrationAPI.csproj", "{E5008A85-1A73-442B-86A8-1DD08F3DB2B6}"
EndProject
Global
	GlobalSection(SolutionConfigurationPlatforms) = preSolution
		Debug|Any CPU = Debug|Any CPU
		Release|Any CPU = Release|Any CPU
	EndGlobalSection
	GlobalSection(ProjectConfigurationPlatforms) = postSolution
		{0CFA5C0C-B808-4639-9FCE-488AE39C6AB2}.Debug|Any CPU.ActiveCfg = Debug|Any CPU
		{0CFA5C0C-B808-4639-9FCE-488AE39C6AB2}.Debug|Any CPU.Build.0 = Debug|Any CPU
		{0CFA5C0C-B808-4639-9FCE-488AE39C6AB2}.Release|Any CPU.ActiveCfg = Release|Any CPU
		{0CFA5C0C-B808-4639-9FCE-488AE39C6AB2}.Release|Any CPU.Build.0 = Release|Any CPU
		{E5008A85-1A73-442B-86A8-1DD08F3DB2B6}.Debug|Any CPU.ActiveCfg = Debug|Any CPU
		{E5008A85-1A73-442B-86A8-1DD08F3DB2B6}.Debug|Any CPU.Build.0 = Debug|Any CPU
		{E5008A85-1A73-442B-86A8-1DD08F3DB2B6}.Release|Any CPU.ActiveCfg = Release|Any CPU
		{E5008A85-1A73-442B-86A8-1DD08F3DB2B6}.Release|Any CPU.Build.0 = Release|Any CPU
	EndGlobalSection
	GlobalSection(SolutionProperties) = preSolution
		HideSolutionNode = FALSE
	EndGlobalSection
	GlobalSection(ExtensibilityGlobals) = postSolution
		SolutionGuid = {854743BE-EF46-4241-B65F-FF582E1228D4}
	EndGlobalSection
EndGlobal
